
Microsoft Visual Studio Solution File, Format Version 12.00
# Visual Studio Version 16
VisualStudioVersion = 16.0.30413.136
MinimumVisualStudioVersion = 10.0.40219.1
Project("{9A19103F-16F7-4668-BE54-9A1E7A4F7556}") = "Yvtu.Core", "Yvtu.Core\Yvtu.Core.csproj", "{09C81D88-9366-41B6-92EE-87ED1B022149}"
EndProject
Project("{9A19103F-16F7-4668-BE54-9A1E7A4F7556}") = "Yvtu.Infra", "Yvtu.Infra\Yvtu.Infra.csproj", "{7CDCD67B-A4AC-4F00-BF21-3AAB25264D00}"
	ProjectSection(ProjectDependencies) = postProject
		{09C81D88-9366-41B6-92EE-87ED1B022149} = {09C81D88-9366-41B6-92EE-87ED1B022149}
	EndProjectSection
EndProject
Project("{9A19103F-16F7-4668-BE54-9A1E7A4F7556}") = "Yvtu.Web", "Yvtu.Web\Yvtu.Web.csproj", "{7F09EF78-F2CA-4736-A5A5-F330F594E865}"
	ProjectSection(ProjectDependencies) = postProject
		{7CDCD67B-A4AC-4F00-BF21-3AAB25264D00} = {7CDCD67B-A4AC-4F00-BF21-3AAB25264D00}
		{09C81D88-9366-41B6-92EE-87ED1B022149} = {09C81D88-9366-41B6-92EE-87ED1B022149}
	EndProjectSection
EndProject
Project("{9A19103F-16F7-4668-BE54-9A1E7A4F7556}") = "Yvtu.SMSRec", "Yvtu.SMSRec\Yvtu.SMSRec.csproj", "{AC5235D5-6BCB-4A84-A0A3-8E3A382F1713}"
	ProjectSection(ProjectDependencies) = postProject
		{7CDCD67B-A4AC-4F00-BF21-3AAB25264D00} = {7CDCD67B-A4AC-4F00-BF21-3AAB25264D00}
		{09C81D88-9366-41B6-92EE-87ED1B022149} = {09C81D88-9366-41B6-92EE-87ED1B022149}
	EndProjectSection
EndProject
Project("{9A19103F-16F7-4668-BE54-9A1E7A4F7556}") = "Yvtu.RechargePrc", "Yvtu.RechargePrc\Yvtu.RechargePrc.csproj", "{F73A53E5-C03A-4ECD-AAF4-35FAD2056095}"
	ProjectSection(ProjectDependencies) = postProject
		{7CDCD67B-A4AC-4F00-BF21-3AAB25264D00} = {7CDCD67B-A4AC-4F00-BF21-3AAB25264D00}
		{09C81D88-9366-41B6-92EE-87ED1B022149} = {09C81D88-9366-41B6-92EE-87ED1B022149}
	EndProjectSection
EndProject
Project("{FAE04EC0-301F-11D3-BF4B-00C04F79EFBC}") = "SmppClient", "SmppClient\SmppClient.csproj", "{8CBF9913-5ED6-4C40-8675-385FE08F15AA}"
EndProject
Project("{9A19103F-16F7-4668-BE54-9A1E7A4F7556}") = "Yvtu.Sender", "Yvtu.Sender\Yvtu.Sender.csproj", "{CF8E6A09-4A3B-4A9A-A309-97D38ECAFD59}"
	ProjectSection(ProjectDependencies) = postProject
		{8CBF9913-5ED6-4C40-8675-385FE08F15AA} = {8CBF9913-5ED6-4C40-8675-385FE08F15AA}
		{7CDCD67B-A4AC-4F00-BF21-3AAB25264D00} = {7CDCD67B-A4AC-4F00-BF21-3AAB25264D00}
		{09C81D88-9366-41B6-92EE-87ED1B022149} = {09C81D88-9366-41B6-92EE-87ED1B022149}
	EndProjectSection
EndProject
Project("{2150E333-8FDC-42A3-9474-1A3956D46DE8}") = "Solution Items", "Solution Items", "{8EF2DCE5-220B-4FCC-9E3B-51638EA50842}"
	ProjectSection(SolutionItems) = preProject
		.editorconfig = .editorconfig
	EndProjectSection
EndProject
Project("{9A19103F-16F7-4668-BE54-9A1E7A4F7556}") = "Yvtu.BgService", "Yvtu.BgService\Yvtu.BgService.csproj", "{A0587389-CA58-4BF0-B034-21F03F9247FA}"
	ProjectSection(ProjectDependencies) = postProject
		{7CDCD67B-A4AC-4F00-BF21-3AAB25264D00} = {7CDCD67B-A4AC-4F00-BF21-3AAB25264D00}
		{09C81D88-9366-41B6-92EE-87ED1B022149} = {09C81D88-9366-41B6-92EE-87ED1B022149}
	EndProjectSection
EndProject
Global
	GlobalSection(SolutionConfigurationPlatforms) = preSolution
		Debug|Any CPU = Debug|Any CPU
		Release|Any CPU = Release|Any CPU
	EndGlobalSection
	GlobalSection(ProjectConfigurationPlatforms) = postSolution
		{09C81D88-9366-41B6-92EE-87ED1B022149}.Debug|Any CPU.ActiveCfg = Debug|Any CPU
		{09C81D88-9366-41B6-92EE-87ED1B022149}.Debug|Any CPU.Build.0 = Debug|Any CPU
		{09C81D88-9366-41B6-92EE-87ED1B022149}.Release|Any CPU.ActiveCfg = Release|Any CPU
		{09C81D88-9366-41B6-92EE-87ED1B022149}.Release|Any CPU.Build.0 = Release|Any CPU
		{7CDCD67B-A4AC-4F00-BF21-3AAB25264D00}.Debug|Any CPU.ActiveCfg = Debug|Any CPU
		{7CDCD67B-A4AC-4F00-BF21-3AAB25264D00}.Debug|Any CPU.Build.0 = Debug|Any CPU
		{7CDCD67B-A4AC-4F00-BF21-3AAB25264D00}.Release|Any CPU.ActiveCfg = Release|Any CPU
		{7CDCD67B-A4AC-4F00-BF21-3AAB25264D00}.Release|Any CPU.Build.0 = Release|Any CPU
		{7F09EF78-F2CA-4736-A5A5-F330F594E865}.Debug|Any CPU.ActiveCfg = Debug|Any CPU
		{7F09EF78-F2CA-4736-A5A5-F330F594E865}.Debug|Any CPU.Build.0 = Debug|Any CPU
		{7F09EF78-F2CA-4736-A5A5-F330F594E865}.Release|Any CPU.ActiveCfg = Release|Any CPU
		{7F09EF78-F2CA-4736-A5A5-F330F594E865}.Release|Any CPU.Build.0 = Release|Any CPU
		{AC5235D5-6BCB-4A84-A0A3-8E3A382F1713}.Debug|Any CPU.ActiveCfg = Debug|Any CPU
		{AC5235D5-6BCB-4A84-A0A3-8E3A382F1713}.Debug|Any CPU.Build.0 = Debug|Any CPU
		{AC5235D5-6BCB-4A84-A0A3-8E3A382F1713}.Release|Any CPU.ActiveCfg = Release|Any CPU
		{AC5235D5-6BCB-4A84-A0A3-8E3A382F1713}.Release|Any CPU.Build.0 = Release|Any CPU
		{F73A53E5-C03A-4ECD-AAF4-35FAD2056095}.Debug|Any CPU.ActiveCfg = Debug|Any CPU
		{F73A53E5-C03A-4ECD-AAF4-35FAD2056095}.Debug|Any CPU.Build.0 = Debug|Any CPU
		{F73A53E5-C03A-4ECD-AAF4-35FAD2056095}.Release|Any CPU.ActiveCfg = Release|Any CPU
		{F73A53E5-C03A-4ECD-AAF4-35FAD2056095}.Release|Any CPU.Build.0 = Release|Any CPU
		{8CBF9913-5ED6-4C40-8675-385FE08F15AA}.Debug|Any CPU.ActiveCfg = Debug|Any CPU
		{8CBF9913-5ED6-4C40-8675-385FE08F15AA}.Debug|Any CPU.Build.0 = Debug|Any CPU
		{8CBF9913-5ED6-4C40-8675-385FE08F15AA}.Release|Any CPU.ActiveCfg = Release|Any CPU
		{8CBF9913-5ED6-4C40-8675-385FE08F15AA}.Release|Any CPU.Build.0 = Release|Any CPU
		{CF8E6A09-4A3B-4A9A-A309-97D38ECAFD59}.Debug|Any CPU.ActiveCfg = Debug|Any CPU
		{CF8E6A09-4A3B-4A9A-A309-97D38ECAFD59}.Debug|Any CPU.Build.0 = Debug|Any CPU
		{CF8E6A09-4A3B-4A9A-A309-97D38ECAFD59}.Release|Any CPU.ActiveCfg = Release|Any CPU
		{CF8E6A09-4A3B-4A9A-A309-97D38ECAFD59}.Release|Any CPU.Build.0 = Release|Any CPU
		{A0587389-CA58-4BF0-B034-21F03F9247FA}.Debug|Any CPU.ActiveCfg = Debug|Any CPU
		{A0587389-CA58-4BF0-B034-21F03F9247FA}.Debug|Any CPU.Build.0 = Debug|Any CPU
		{A0587389-CA58-4BF0-B034-21F03F9247FA}.Release|Any CPU.ActiveCfg = Release|Any CPU
		{A0587389-CA58-4BF0-B034-21F03F9247FA}.Release|Any CPU.Build.0 = Release|Any CPU
	EndGlobalSection
	GlobalSection(SolutionProperties) = preSolution
		HideSolutionNode = FALSE
	EndGlobalSection
	GlobalSection(ExtensibilityGlobals) = postSolution
		SolutionGuid = {6FF3DAAF-D689-4FDC-8F31-3C275BFDC89B}
	EndGlobalSection
EndGlobal
